
Microsoft Visual Studio Solution File, Format Version 12.00
# Visual Studio Version 16
VisualStudioVersion = 16.0.30225.117
MinimumVisualStudioVersion = 10.0.40219.1
Project("{FAE04EC0-301F-11D3-BF4B-00C04F79EFBC}") = "Taranuha1", "Taranuha\Taranuha1.csproj", "{9455F0F2-BA04-48F2-ABE9-7A852A3230CA}"
EndProject
Global
	GlobalSection(SolutionConfigurationPlatforms) = preSolution
		Debug|Any CPU = Debug|Any CPU
		Release|Any CPU = Release|Any CPU
	EndGlobalSection
	GlobalSection(ProjectConfigurationPlatforms) = postSolution
		{9455F0F2-BA04-48F2-ABE9-7A852A3230CA}.Debug|Any CPU.ActiveCfg = Debug|Any CPU
		{9455F0F2-BA04-48F2-ABE9-7A852A3230CA}.Debug|Any CPU.Build.0 = Debug|Any CPU
		{9455F0F2-BA04-48F2-ABE9-7A852A3230CA}.Release|Any CPU.ActiveCfg = Release|Any CPU
		{9455F0F2-BA04-48F2-ABE9-7A852A3230CA}.Release|Any CPU.Build.0 = Release|Any CPU
	EndGlobalSection
	GlobalSection(SolutionProperties) = preSolution
		HideSolutionNode = FALSE
	EndGlobalSection
	GlobalSection(ExtensibilityGlobals) = postSolution
		SolutionGuid = {2C00160C-6BA6-4553-A375-FABB4B45C76B}
	EndGlobalSection
EndGlobal
